
Microsoft Visual Studio Solution File, Format Version 12.00
# Visual Studio 15
VisualStudioVersion = 15.0.26730.12
MinimumVisualStudioVersion = 10.0.40219.1
Project("{888888A0-9F3D-457C-B088-3A5042F75D52}") = "LabRab3.1Smiyanov", "LabRab3.1Smiyanov\LabRab3.1Smiyanov.pyproj", "{16098BDC-7C85-46C8-8DCF-BF53D46B4E1F}"
EndProject
Global
	GlobalSection(SolutionConfigurationPlatforms) = preSolution
		Debug|Any CPU = Debug|Any CPU
		Release|Any CPU = Release|Any CPU
	EndGlobalSection
	GlobalSection(ProjectConfigurationPlatforms) = postSolution
		{16098BDC-7C85-46C8-8DCF-BF53D46B4E1F}.Debug|Any CPU.ActiveCfg = Debug|Any CPU
		{16098BDC-7C85-46C8-8DCF-BF53D46B4E1F}.Release|Any CPU.ActiveCfg = Release|Any CPU
	EndGlobalSection
	GlobalSection(SolutionProperties) = preSolution
		HideSolutionNode = FALSE
	EndGlobalSection
	GlobalSection(ExtensibilityGlobals) = postSolution
		SolutionGuid = {3E232C34-A012-4457-9AA9-A2EDCEF00D52}
	EndGlobalSection
EndGlobal
