
Microsoft Visual Studio Solution File, Format Version 12.00
# Visual Studio 15
VisualStudioVersion = 15.0.28010.2050
MinimumVisualStudioVersion = 10.0.40219.1
Project("{888888A0-9F3D-457C-B088-3A5042F75D52}") = "LabRab5Smiyanov", "LabRab5Smiyanov\LabRab5Smiyanov.pyproj", "{B5EA2A19-930F-49CF-BC9C-6DE5918CA82A}"
EndProject
Global
	GlobalSection(SolutionConfigurationPlatforms) = preSolution
		Debug|Any CPU = Debug|Any CPU
		Release|Any CPU = Release|Any CPU
	EndGlobalSection
	GlobalSection(ProjectConfigurationPlatforms) = postSolution
		{B5EA2A19-930F-49CF-BC9C-6DE5918CA82A}.Debug|Any CPU.ActiveCfg = Debug|Any CPU
		{B5EA2A19-930F-49CF-BC9C-6DE5918CA82A}.Release|Any CPU.ActiveCfg = Release|Any CPU
	EndGlobalSection
	GlobalSection(SolutionProperties) = preSolution
		HideSolutionNode = FALSE
	EndGlobalSection
	GlobalSection(ExtensibilityGlobals) = postSolution
		SolutionGuid = {4D1AD54A-5D9D-438F-A6FF-42167EA3C65E}
	EndGlobalSection
EndGlobal
