
Microsoft Visual Studio Solution File, Format Version 12.00
# Visual Studio 15
VisualStudioVersion = 15.0.28010.2050
MinimumVisualStudioVersion = 10.0.40219.1
Project("{888888A0-9F3D-457C-B088-3A5042F75D52}") = "task_8_24", "task_8_24\task_8_24.pyproj", "{2B9F1382-3CD0-4868-9A10-36D205FEBB4B}"
EndProject
Global
	GlobalSection(SolutionConfigurationPlatforms) = preSolution
		Debug|Any CPU = Debug|Any CPU
		Release|Any CPU = Release|Any CPU
	EndGlobalSection
	GlobalSection(ProjectConfigurationPlatforms) = postSolution
		{2B9F1382-3CD0-4868-9A10-36D205FEBB4B}.Debug|Any CPU.ActiveCfg = Debug|Any CPU
		{2B9F1382-3CD0-4868-9A10-36D205FEBB4B}.Release|Any CPU.ActiveCfg = Release|Any CPU
	EndGlobalSection
	GlobalSection(SolutionProperties) = preSolution
		HideSolutionNode = FALSE
	EndGlobalSection
	GlobalSection(ExtensibilityGlobals) = postSolution
		SolutionGuid = {73C98E9F-435B-48B5-B4B8-4096FB870568}
	EndGlobalSection
EndGlobal
