
Microsoft Visual Studio Solution File, Format Version 12.00
# Visual Studio 15
VisualStudioVersion = 15.0.28010.2050
MinimumVisualStudioVersion = 10.0.40219.1
Project("{888888A0-9F3D-457C-B088-3A5042F75D52}") = "ProjectValidator", "PythonApplication3\ProjectValidator.pyproj", "{605B17FC-0303-4D7C-9505-6BB8D3934674}"
EndProject
Global
	GlobalSection(SolutionConfigurationPlatforms) = preSolution
		Debug|Any CPU = Debug|Any CPU
		Release|Any CPU = Release|Any CPU
	EndGlobalSection
	GlobalSection(ProjectConfigurationPlatforms) = postSolution
		{605B17FC-0303-4D7C-9505-6BB8D3934674}.Debug|Any CPU.ActiveCfg = Debug|Any CPU
		{605B17FC-0303-4D7C-9505-6BB8D3934674}.Release|Any CPU.ActiveCfg = Release|Any CPU
	EndGlobalSection
	GlobalSection(SolutionProperties) = preSolution
		HideSolutionNode = FALSE
	EndGlobalSection
	GlobalSection(ExtensibilityGlobals) = postSolution
		SolutionGuid = {397039E9-8CF1-497C-B81D-7EF9F94A3484}
	EndGlobalSection
EndGlobal
