
Microsoft Visual Studio Solution File, Format Version 12.00
# Visual Studio 15
VisualStudioVersion = 15.0.28010.2050
MinimumVisualStudioVersion = 10.0.40219.1
Project("{888888A0-9F3D-457C-B088-3A5042F75D52}") = "LabRab8.2.1Smiyanov", "LabRab8.2.1Smiyanov\LabRab8.2.1Smiyanov.pyproj", "{1949FFF0-AE22-4C4C-A703-92700E81A03D}"
EndProject
Global
	GlobalSection(SolutionConfigurationPlatforms) = preSolution
		Debug|Any CPU = Debug|Any CPU
		Release|Any CPU = Release|Any CPU
	EndGlobalSection
	GlobalSection(ProjectConfigurationPlatforms) = postSolution
		{1949FFF0-AE22-4C4C-A703-92700E81A03D}.Debug|Any CPU.ActiveCfg = Debug|Any CPU
		{1949FFF0-AE22-4C4C-A703-92700E81A03D}.Release|Any CPU.ActiveCfg = Release|Any CPU
	EndGlobalSection
	GlobalSection(SolutionProperties) = preSolution
		HideSolutionNode = FALSE
	EndGlobalSection
	GlobalSection(ExtensibilityGlobals) = postSolution
		SolutionGuid = {1EACD1B7-866D-4947-833E-4520DAF26594}
	EndGlobalSection
EndGlobal
