
Microsoft Visual Studio Solution File, Format Version 12.00
# Visual Studio 15
VisualStudioVersion = 15.0.28010.2050
MinimumVisualStudioVersion = 10.0.40219.1
Project("{888888A0-9F3D-457C-B088-3A5042F75D52}") = "task_3_24", "task_3_24\task_3_24.pyproj", "{6DC7C27F-6AEB-4671-8A0F-46D27C6BA0D9}"
EndProject
Global
	GlobalSection(SolutionConfigurationPlatforms) = preSolution
		Debug|Any CPU = Debug|Any CPU
		Release|Any CPU = Release|Any CPU
	EndGlobalSection
	GlobalSection(ProjectConfigurationPlatforms) = postSolution
		{6DC7C27F-6AEB-4671-8A0F-46D27C6BA0D9}.Debug|Any CPU.ActiveCfg = Debug|Any CPU
		{6DC7C27F-6AEB-4671-8A0F-46D27C6BA0D9}.Release|Any CPU.ActiveCfg = Release|Any CPU
	EndGlobalSection
	GlobalSection(SolutionProperties) = preSolution
		HideSolutionNode = FALSE
	EndGlobalSection
	GlobalSection(ExtensibilityGlobals) = postSolution
		SolutionGuid = {AB20F2E7-7D27-4692-9D96-94CD94D570AA}
	EndGlobalSection
EndGlobal
