
Microsoft Visual Studio Solution File, Format Version 12.00
# Visual Studio 15
VisualStudioVersion = 15.0.26730.12
MinimumVisualStudioVersion = 10.0.40219.1
Project("{888888A0-9F3D-457C-B088-3A5042F75D52}") = "LabRab3.3Smiyanov", "LabRab3.3Smiyanov\LabRab3.3Smiyanov.pyproj", "{14705358-54AB-41AC-91ED-123A091AD9E2}"
EndProject
Global
	GlobalSection(SolutionConfigurationPlatforms) = preSolution
		Debug|Any CPU = Debug|Any CPU
		Release|Any CPU = Release|Any CPU
	EndGlobalSection
	GlobalSection(ProjectConfigurationPlatforms) = postSolution
		{14705358-54AB-41AC-91ED-123A091AD9E2}.Debug|Any CPU.ActiveCfg = Debug|Any CPU
		{14705358-54AB-41AC-91ED-123A091AD9E2}.Release|Any CPU.ActiveCfg = Release|Any CPU
	EndGlobalSection
	GlobalSection(SolutionProperties) = preSolution
		HideSolutionNode = FALSE
	EndGlobalSection
	GlobalSection(ExtensibilityGlobals) = postSolution
		SolutionGuid = {1BCED587-A7D8-4563-ADEB-4339926CD2EB}
	EndGlobalSection
EndGlobal
