
Microsoft Visual Studio Solution File, Format Version 12.00
# Visual Studio 15
VisualStudioVersion = 15.0.28010.2050
MinimumVisualStudioVersion = 10.0.40219.1
Project("{888888A0-9F3D-457C-B088-3A5042F75D52}") = "LabRab6.1.1Smiyanov", "LabRab6.1.1Smiyanov\LabRab6.1.1Smiyanov.pyproj", "{F2560EC1-8BF3-4371-8CF3-313BCD6BD8BE}"
EndProject
Global
	GlobalSection(SolutionConfigurationPlatforms) = preSolution
		Debug|Any CPU = Debug|Any CPU
		Release|Any CPU = Release|Any CPU
	EndGlobalSection
	GlobalSection(ProjectConfigurationPlatforms) = postSolution
		{F2560EC1-8BF3-4371-8CF3-313BCD6BD8BE}.Debug|Any CPU.ActiveCfg = Debug|Any CPU
		{F2560EC1-8BF3-4371-8CF3-313BCD6BD8BE}.Release|Any CPU.ActiveCfg = Release|Any CPU
	EndGlobalSection
	GlobalSection(SolutionProperties) = preSolution
		HideSolutionNode = FALSE
	EndGlobalSection
	GlobalSection(ExtensibilityGlobals) = postSolution
		SolutionGuid = {1AC47EDB-FD45-4E20-BB3F-9A87BA53954A}
	EndGlobalSection
EndGlobal
