
Microsoft Visual Studio Solution File, Format Version 12.00
# Visual Studio 15
VisualStudioVersion = 15.0.28010.2050
MinimumVisualStudioVersion = 10.0.40219.1
Project("{888888A0-9F3D-457C-B088-3A5042F75D52}") = "LabRab3.3.1Smiyanov", "LabRab3.3.1Smiyanov\LabRab3.3.1Smiyanov.pyproj", "{78474B62-229C-4BB5-85EE-A2FEFE5FF5E7}"
EndProject
Global
	GlobalSection(SolutionConfigurationPlatforms) = preSolution
		Debug|Any CPU = Debug|Any CPU
		Release|Any CPU = Release|Any CPU
	EndGlobalSection
	GlobalSection(ProjectConfigurationPlatforms) = postSolution
		{78474B62-229C-4BB5-85EE-A2FEFE5FF5E7}.Debug|Any CPU.ActiveCfg = Debug|Any CPU
		{78474B62-229C-4BB5-85EE-A2FEFE5FF5E7}.Release|Any CPU.ActiveCfg = Release|Any CPU
	EndGlobalSection
	GlobalSection(SolutionProperties) = preSolution
		HideSolutionNode = FALSE
	EndGlobalSection
	GlobalSection(ExtensibilityGlobals) = postSolution
		SolutionGuid = {6A26E7C0-2AF7-4015-B9AF-9E97E01F81AC}
	EndGlobalSection
EndGlobal
