
Microsoft Visual Studio Solution File, Format Version 12.00
# Visual Studio 15
VisualStudioVersion = 15.0.28010.2050
MinimumVisualStudioVersion = 10.0.40219.1
Project("{888888A0-9F3D-457C-B088-3A5042F75D52}") = "LabRab6.4Smiyanov", "LabRab6.4Smiyanov\LabRab6.4Smiyanov.pyproj", "{D9B60450-B4CD-400E-9392-DD3B9F885444}"
EndProject
Global
	GlobalSection(SolutionConfigurationPlatforms) = preSolution
		Debug|Any CPU = Debug|Any CPU
		Release|Any CPU = Release|Any CPU
	EndGlobalSection
	GlobalSection(ProjectConfigurationPlatforms) = postSolution
		{D9B60450-B4CD-400E-9392-DD3B9F885444}.Debug|Any CPU.ActiveCfg = Debug|Any CPU
		{D9B60450-B4CD-400E-9392-DD3B9F885444}.Release|Any CPU.ActiveCfg = Release|Any CPU
	EndGlobalSection
	GlobalSection(SolutionProperties) = preSolution
		HideSolutionNode = FALSE
	EndGlobalSection
	GlobalSection(ExtensibilityGlobals) = postSolution
		SolutionGuid = {DCC49609-525B-4BF7-9A50-38F220FF5B87}
	EndGlobalSection
EndGlobal
